
Microsoft Visual Studio Solution File, Format Version 12.00
# Visual Studio Version 17
VisualStudioVersion = 17.6.33723.286
MinimumVisualStudioVersion = 10.0.40219.1
Project("{9A19103F-16F7-4668-BE54-9A1E7A4F7556}") = "TravelAppWebUI.UI", "TravelAppWebUI.UI\TravelAppWebUI.UI.csproj", "{92B1580D-B097-4F2A-8D01-BBAE282BCBB7}"
EndProject
Project("{9A19103F-16F7-4668-BE54-9A1E7A4F7556}") = "TravalAppWebUI.Core", "TravalAppWebUI.Core\TravalAppWebUI.Core.csproj", "{8A3850FF-D71D-4A0D-999B-437F6501DC2A}"
EndProject
Project("{FAE04EC0-301F-11D3-BF4B-00C04F79EFBC}") = "TravelAppWebUI.Helper", "TravelAppWebUI.Helper\TravelAppWebUI.Helper.csproj", "{6F8E3939-1A3F-4116-A660-C7C157133899}"
EndProject
Global
	GlobalSection(SolutionConfigurationPlatforms) = preSolution
		Debug|Any CPU = Debug|Any CPU
		Release|Any CPU = Release|Any CPU
	EndGlobalSection
	GlobalSection(ProjectConfigurationPlatforms) = postSolution
		{92B1580D-B097-4F2A-8D01-BBAE282BCBB7}.Debug|Any CPU.ActiveCfg = Debug|Any CPU
		{92B1580D-B097-4F2A-8D01-BBAE282BCBB7}.Debug|Any CPU.Build.0 = Debug|Any CPU
		{92B1580D-B097-4F2A-8D01-BBAE282BCBB7}.Release|Any CPU.ActiveCfg = Release|Any CPU
		{92B1580D-B097-4F2A-8D01-BBAE282BCBB7}.Release|Any CPU.Build.0 = Release|Any CPU
		{8A3850FF-D71D-4A0D-999B-437F6501DC2A}.Debug|Any CPU.ActiveCfg = Debug|Any CPU
		{8A3850FF-D71D-4A0D-999B-437F6501DC2A}.Debug|Any CPU.Build.0 = Debug|Any CPU
		{8A3850FF-D71D-4A0D-999B-437F6501DC2A}.Release|Any CPU.ActiveCfg = Release|Any CPU
		{8A3850FF-D71D-4A0D-999B-437F6501DC2A}.Release|Any CPU.Build.0 = Release|Any CPU
		{6F8E3939-1A3F-4116-A660-C7C157133899}.Debug|Any CPU.ActiveCfg = Debug|Any CPU
		{6F8E3939-1A3F-4116-A660-C7C157133899}.Debug|Any CPU.Build.0 = Debug|Any CPU
		{6F8E3939-1A3F-4116-A660-C7C157133899}.Release|Any CPU.ActiveCfg = Release|Any CPU
		{6F8E3939-1A3F-4116-A660-C7C157133899}.Release|Any CPU.Build.0 = Release|Any CPU
	EndGlobalSection
	GlobalSection(SolutionProperties) = preSolution
		HideSolutionNode = FALSE
	EndGlobalSection
	GlobalSection(ExtensibilityGlobals) = postSolution
		SolutionGuid = {2D033B25-9AD0-42CB-A69A-DBD7DE9199D8}
	EndGlobalSection
EndGlobal
